
Microsoft Visual Studio Solution File, Format Version 12.00
# Visual Studio Version 16
VisualStudioVersion = 16.0.28917.181
MinimumVisualStudioVersion = 10.0.40219.1
Project("{8BC9CEB8-8B4A-11D0-8D11-00A0C91BC942}") = "ProjCppApi", "ProjCppApi\ProjCppApi.vcxproj", "{19030EFD-1CA0-4B12-8818-641EAF69093A}"
EndProject
Project("{9A19103F-16F7-4668-BE54-9A1E7A4F7556}") = "ProjCoreApi", "ProjCoreApi\ProjCoreApi.csproj", "{8657D2CA-3365-4BA9-80CD-E0D8C7D8A5CF}"
	ProjectSection(ProjectDependencies) = postProject
		{19030EFD-1CA0-4B12-8818-641EAF69093A} = {19030EFD-1CA0-4B12-8818-641EAF69093A}
	EndProjectSection
EndProject
Project("{8BC9CEB8-8B4A-11D0-8D11-00A0C91BC942}") = "ProjCppApiNet", "ProjCppApiNet\ProjCppApiNet.vcxproj", "{432B1966-0DAD-47A6-B1FD-911F71AF051B}"
EndProject
Project("{FAE04EC0-301F-11D3-BF4B-00C04F79EFBC}") = "ProjNetApi", "ProjNetApi\ProjNetApi.csproj", "{5142B8D9-B76A-420B-8D3C-6A277A877F2B}"
EndProject
Project("{8BC9CEB8-8B4A-11D0-8D11-00A0C91BC942}") = "ProjCppApiTest", "ProjCppApiTest\ProjCppApiTest.vcxproj", "{91AB03DF-7A56-4FFE-AFF9-CFAFCF26FB3A}"
EndProject
Project("{8BC9CEB8-8B4A-11D0-8D11-00A0C91BC942}") = "ProjCppApiCore", "ProjCppApiCore\ProjCppApiCore.vcxproj", "{82D03219-9FA7-4D43-8CF2-D07E367E8A0B}"
EndProject
Project("{2150E333-8FDC-42A3-9474-1A3956D46DE8}") = "Core", "Core", "{723E73CE-910F-4733-B035-F864CA26CB7E}"
EndProject
Project("{2150E333-8FDC-42A3-9474-1A3956D46DE8}") = "Net", "Net", "{0B5A59A7-E74E-42CC-BE09-BDF29E0507E2}"
EndProject
Project("{2150E333-8FDC-42A3-9474-1A3956D46DE8}") = "Cpp", "Cpp", "{94486BF5-A380-474B-BEA2-E04F63145531}"
EndProject
Project("{2150E333-8FDC-42A3-9474-1A3956D46DE8}") = "Tests", "Tests", "{F5AF8E4B-7F60-4F8C-99B7-7B5B8BDEA2B5}"
EndProject
Project("{2150E333-8FDC-42A3-9474-1A3956D46DE8}") = "AspNet", "AspNet", "{A3F80320-996C-42AA-915F-7F25C9920FEE}"
EndProject
Project("{9A19103F-16F7-4668-BE54-9A1E7A4F7556}") = "AspCoreWebApi", "AspCoreWebApi\AspCoreWebApi.csproj", "{282E773B-696F-4E26-8879-EB872A8A6D68}"
EndProject
Global
	GlobalSection(SolutionConfigurationPlatforms) = preSolution
		Debug|Any CPU = Debug|Any CPU
		Debug|ARM = Debug|ARM
		Debug|ARM64 = Debug|ARM64
		Debug|x64 = Debug|x64
		Debug|x86 = Debug|x86
		Release|Any CPU = Release|Any CPU
		Release|ARM = Release|ARM
		Release|ARM64 = Release|ARM64
		Release|x64 = Release|x64
		Release|x86 = Release|x86
	EndGlobalSection
	GlobalSection(ProjectConfigurationPlatforms) = postSolution
		{19030EFD-1CA0-4B12-8818-641EAF69093A}.Debug|Any CPU.ActiveCfg = Debug|x64
		{19030EFD-1CA0-4B12-8818-641EAF69093A}.Debug|Any CPU.Build.0 = Debug|x64
		{19030EFD-1CA0-4B12-8818-641EAF69093A}.Debug|ARM.ActiveCfg = Debug|Win32
		{19030EFD-1CA0-4B12-8818-641EAF69093A}.Debug|ARM64.ActiveCfg = Debug|Win32
		{19030EFD-1CA0-4B12-8818-641EAF69093A}.Debug|x64.ActiveCfg = Debug|x64
		{19030EFD-1CA0-4B12-8818-641EAF69093A}.Debug|x64.Build.0 = Debug|x64
		{19030EFD-1CA0-4B12-8818-641EAF69093A}.Debug|x86.ActiveCfg = Debug|Win32
		{19030EFD-1CA0-4B12-8818-641EAF69093A}.Debug|x86.Build.0 = Debug|Win32
		{19030EFD-1CA0-4B12-8818-641EAF69093A}.Release|Any CPU.ActiveCfg = Release|x64
		{19030EFD-1CA0-4B12-8818-641EAF69093A}.Release|Any CPU.Build.0 = Release|x64
		{19030EFD-1CA0-4B12-8818-641EAF69093A}.Release|ARM.ActiveCfg = Release|Win32
		{19030EFD-1CA0-4B12-8818-641EAF69093A}.Release|ARM64.ActiveCfg = Release|Win32
		{19030EFD-1CA0-4B12-8818-641EAF69093A}.Release|x64.ActiveCfg = Release|x64
		{19030EFD-1CA0-4B12-8818-641EAF69093A}.Release|x64.Build.0 = Release|x64
		{19030EFD-1CA0-4B12-8818-641EAF69093A}.Release|x86.ActiveCfg = Release|Win32
		{19030EFD-1CA0-4B12-8818-641EAF69093A}.Release|x86.Build.0 = Release|Win32
		{8657D2CA-3365-4BA9-80CD-E0D8C7D8A5CF}.Debug|Any CPU.ActiveCfg = Debug|x64
		{8657D2CA-3365-4BA9-80CD-E0D8C7D8A5CF}.Debug|Any CPU.Build.0 = Debug|x64
		{8657D2CA-3365-4BA9-80CD-E0D8C7D8A5CF}.Debug|ARM.ActiveCfg = Debug|Any CPU
		{8657D2CA-3365-4BA9-80CD-E0D8C7D8A5CF}.Debug|ARM.Build.0 = Debug|Any CPU
		{8657D2CA-3365-4BA9-80CD-E0D8C7D8A5CF}.Debug|ARM64.ActiveCfg = Debug|Any CPU
		{8657D2CA-3365-4BA9-80CD-E0D8C7D8A5CF}.Debug|ARM64.Build.0 = Debug|Any CPU
		{8657D2CA-3365-4BA9-80CD-E0D8C7D8A5CF}.Debug|x64.ActiveCfg = Debug|x64
		{8657D2CA-3365-4BA9-80CD-E0D8C7D8A5CF}.Debug|x64.Build.0 = Debug|x64
		{8657D2CA-3365-4BA9-80CD-E0D8C7D8A5CF}.Debug|x86.ActiveCfg = Debug|Any CPU
		{8657D2CA-3365-4BA9-80CD-E0D8C7D8A5CF}.Debug|x86.Build.0 = Debug|Any CPU
		{8657D2CA-3365-4BA9-80CD-E0D8C7D8A5CF}.Release|Any CPU.ActiveCfg = Release|x64
		{8657D2CA-3365-4BA9-80CD-E0D8C7D8A5CF}.Release|Any CPU.Build.0 = Release|x64
		{8657D2CA-3365-4BA9-80CD-E0D8C7D8A5CF}.Release|ARM.ActiveCfg = Release|Any CPU
		{8657D2CA-3365-4BA9-80CD-E0D8C7D8A5CF}.Release|ARM.Build.0 = Release|Any CPU
		{8657D2CA-3365-4BA9-80CD-E0D8C7D8A5CF}.Release|ARM64.ActiveCfg = Release|Any CPU
		{8657D2CA-3365-4BA9-80CD-E0D8C7D8A5CF}.Release|ARM64.Build.0 = Release|Any CPU
		{8657D2CA-3365-4BA9-80CD-E0D8C7D8A5CF}.Release|x64.ActiveCfg = Release|x64
		{8657D2CA-3365-4BA9-80CD-E0D8C7D8A5CF}.Release|x64.Build.0 = Release|x64
		{8657D2CA-3365-4BA9-80CD-E0D8C7D8A5CF}.Release|x86.ActiveCfg = Release|Any CPU
		{8657D2CA-3365-4BA9-80CD-E0D8C7D8A5CF}.Release|x86.Build.0 = Release|Any CPU
		{432B1966-0DAD-47A6-B1FD-911F71AF051B}.Debug|Any CPU.ActiveCfg = Debug|x64
		{432B1966-0DAD-47A6-B1FD-911F71AF051B}.Debug|Any CPU.Build.0 = Debug|x64
		{432B1966-0DAD-47A6-B1FD-911F71AF051B}.Debug|ARM.ActiveCfg = Debug|Win32
		{432B1966-0DAD-47A6-B1FD-911F71AF051B}.Debug|ARM64.ActiveCfg = Debug|Win32
		{432B1966-0DAD-47A6-B1FD-911F71AF051B}.Debug|x64.ActiveCfg = Debug|x64
		{432B1966-0DAD-47A6-B1FD-911F71AF051B}.Debug|x64.Build.0 = Debug|x64
		{432B1966-0DAD-47A6-B1FD-911F71AF051B}.Debug|x86.ActiveCfg = Debug|Win32
		{432B1966-0DAD-47A6-B1FD-911F71AF051B}.Debug|x86.Build.0 = Debug|Win32
		{432B1966-0DAD-47A6-B1FD-911F71AF051B}.Release|Any CPU.ActiveCfg = Release|x64
		{432B1966-0DAD-47A6-B1FD-911F71AF051B}.Release|Any CPU.Build.0 = Release|x64
		{432B1966-0DAD-47A6-B1FD-911F71AF051B}.Release|ARM.ActiveCfg = Release|Win32
		{432B1966-0DAD-47A6-B1FD-911F71AF051B}.Release|ARM64.ActiveCfg = Release|Win32
		{432B1966-0DAD-47A6-B1FD-911F71AF051B}.Release|x64.ActiveCfg = Release|x64
		{432B1966-0DAD-47A6-B1FD-911F71AF051B}.Release|x64.Build.0 = Release|x64
		{432B1966-0DAD-47A6-B1FD-911F71AF051B}.Release|x86.ActiveCfg = Release|Win32
		{432B1966-0DAD-47A6-B1FD-911F71AF051B}.Release|x86.Build.0 = Release|Win32
		{5142B8D9-B76A-420B-8D3C-6A277A877F2B}.Debug|Any CPU.ActiveCfg = Debug|x64
		{5142B8D9-B76A-420B-8D3C-6A277A877F2B}.Debug|Any CPU.Build.0 = Debug|x64
		{5142B8D9-B76A-420B-8D3C-6A277A877F2B}.Debug|ARM.ActiveCfg = Debug|Any CPU
		{5142B8D9-B76A-420B-8D3C-6A277A877F2B}.Debug|ARM.Build.0 = Debug|Any CPU
		{5142B8D9-B76A-420B-8D3C-6A277A877F2B}.Debug|ARM64.ActiveCfg = Debug|Any CPU
		{5142B8D9-B76A-420B-8D3C-6A277A877F2B}.Debug|ARM64.Build.0 = Debug|Any CPU
		{5142B8D9-B76A-420B-8D3C-6A277A877F2B}.Debug|x64.ActiveCfg = Debug|x64
		{5142B8D9-B76A-420B-8D3C-6A277A877F2B}.Debug|x64.Build.0 = Debug|x64
		{5142B8D9-B76A-420B-8D3C-6A277A877F2B}.Debug|x86.ActiveCfg = Debug|Any CPU
		{5142B8D9-B76A-420B-8D3C-6A277A877F2B}.Debug|x86.Build.0 = Debug|Any CPU
		{5142B8D9-B76A-420B-8D3C-6A277A877F2B}.Release|Any CPU.ActiveCfg = Release|x64
		{5142B8D9-B76A-420B-8D3C-6A277A877F2B}.Release|Any CPU.Build.0 = Release|x64
		{5142B8D9-B76A-420B-8D3C-6A277A877F2B}.Release|ARM.ActiveCfg = Release|Any CPU
		{5142B8D9-B76A-420B-8D3C-6A277A877F2B}.Release|ARM.Build.0 = Release|Any CPU
		{5142B8D9-B76A-420B-8D3C-6A277A877F2B}.Release|ARM64.ActiveCfg = Release|Any CPU
		{5142B8D9-B76A-420B-8D3C-6A277A877F2B}.Release|ARM64.Build.0 = Release|Any CPU
		{5142B8D9-B76A-420B-8D3C-6A277A877F2B}.Release|x64.ActiveCfg = Release|x64
		{5142B8D9-B76A-420B-8D3C-6A277A877F2B}.Release|x64.Build.0 = Release|x64
		{5142B8D9-B76A-420B-8D3C-6A277A877F2B}.Release|x86.ActiveCfg = Release|Any CPU
		{5142B8D9-B76A-420B-8D3C-6A277A877F2B}.Release|x86.Build.0 = Release|Any CPU
		{91AB03DF-7A56-4FFE-AFF9-CFAFCF26FB3A}.Debug|Any CPU.ActiveCfg = Debug|x64
		{91AB03DF-7A56-4FFE-AFF9-CFAFCF26FB3A}.Debug|Any CPU.Build.0 = Debug|x64
		{91AB03DF-7A56-4FFE-AFF9-CFAFCF26FB3A}.Debug|ARM.ActiveCfg = Debug|Win32
		{91AB03DF-7A56-4FFE-AFF9-CFAFCF26FB3A}.Debug|ARM64.ActiveCfg = Debug|Win32
		{91AB03DF-7A56-4FFE-AFF9-CFAFCF26FB3A}.Debug|x64.ActiveCfg = Debug|x64
		{91AB03DF-7A56-4FFE-AFF9-CFAFCF26FB3A}.Debug|x64.Build.0 = Debug|x64
		{91AB03DF-7A56-4FFE-AFF9-CFAFCF26FB3A}.Debug|x86.ActiveCfg = Debug|Win32
		{91AB03DF-7A56-4FFE-AFF9-CFAFCF26FB3A}.Debug|x86.Build.0 = Debug|Win32
		{91AB03DF-7A56-4FFE-AFF9-CFAFCF26FB3A}.Release|Any CPU.ActiveCfg = Release|x64
		{91AB03DF-7A56-4FFE-AFF9-CFAFCF26FB3A}.Release|Any CPU.Build.0 = Release|x64
		{91AB03DF-7A56-4FFE-AFF9-CFAFCF26FB3A}.Release|ARM.ActiveCfg = Release|Win32
		{91AB03DF-7A56-4FFE-AFF9-CFAFCF26FB3A}.Release|ARM64.ActiveCfg = Release|Win32
		{91AB03DF-7A56-4FFE-AFF9-CFAFCF26FB3A}.Release|x64.ActiveCfg = Release|x64
		{91AB03DF-7A56-4FFE-AFF9-CFAFCF26FB3A}.Release|x64.Build.0 = Release|x64
		{91AB03DF-7A56-4FFE-AFF9-CFAFCF26FB3A}.Release|x86.ActiveCfg = Release|Win32
		{91AB03DF-7A56-4FFE-AFF9-CFAFCF26FB3A}.Release|x86.Build.0 = Release|Win32
		{82D03219-9FA7-4D43-8CF2-D07E367E8A0B}.Debug|Any CPU.ActiveCfg = Debug|x64
		{82D03219-9FA7-4D43-8CF2-D07E367E8A0B}.Debug|Any CPU.Build.0 = Debug|x64
		{82D03219-9FA7-4D43-8CF2-D07E367E8A0B}.Debug|ARM.ActiveCfg = Debug|Win32
		{82D03219-9FA7-4D43-8CF2-D07E367E8A0B}.Debug|ARM64.ActiveCfg = Debug|Win32
		{82D03219-9FA7-4D43-8CF2-D07E367E8A0B}.Debug|x64.ActiveCfg = Debug|x64
		{82D03219-9FA7-4D43-8CF2-D07E367E8A0B}.Debug|x64.Build.0 = Debug|x64
		{82D03219-9FA7-4D43-8CF2-D07E367E8A0B}.Debug|x86.ActiveCfg = Debug|Win32
		{82D03219-9FA7-4D43-8CF2-D07E367E8A0B}.Debug|x86.Build.0 = Debug|Win32
		{82D03219-9FA7-4D43-8CF2-D07E367E8A0B}.Release|Any CPU.ActiveCfg = Release|x64
		{82D03219-9FA7-4D43-8CF2-D07E367E8A0B}.Release|Any CPU.Build.0 = Release|x64
		{82D03219-9FA7-4D43-8CF2-D07E367E8A0B}.Release|ARM.ActiveCfg = Release|Win32
		{82D03219-9FA7-4D43-8CF2-D07E367E8A0B}.Release|ARM64.ActiveCfg = Release|Win32
		{82D03219-9FA7-4D43-8CF2-D07E367E8A0B}.Release|x64.ActiveCfg = Release|x64
		{82D03219-9FA7-4D43-8CF2-D07E367E8A0B}.Release|x64.Build.0 = Release|x64
		{82D03219-9FA7-4D43-8CF2-D07E367E8A0B}.Release|x86.ActiveCfg = Release|Win32
		{82D03219-9FA7-4D43-8CF2-D07E367E8A0B}.Release|x86.Build.0 = Release|Win32
		{282E773B-696F-4E26-8879-EB872A8A6D68}.Debug|Any CPU.ActiveCfg = Debug|Any CPU
		{282E773B-696F-4E26-8879-EB872A8A6D68}.Debug|Any CPU.Build.0 = Debug|Any CPU
		{282E773B-696F-4E26-8879-EB872A8A6D68}.Debug|ARM.ActiveCfg = Debug|Any CPU
		{282E773B-696F-4E26-8879-EB872A8A6D68}.Debug|ARM.Build.0 = Debug|Any CPU
		{282E773B-696F-4E26-8879-EB872A8A6D68}.Debug|ARM64.ActiveCfg = Debug|Any CPU
		{282E773B-696F-4E26-8879-EB872A8A6D68}.Debug|ARM64.Build.0 = Debug|Any CPU
		{282E773B-696F-4E26-8879-EB872A8A6D68}.Debug|x64.ActiveCfg = Debug|Any CPU
		{282E773B-696F-4E26-8879-EB872A8A6D68}.Debug|x64.Build.0 = Debug|Any CPU
		{282E773B-696F-4E26-8879-EB872A8A6D68}.Debug|x86.ActiveCfg = Debug|Any CPU
		{282E773B-696F-4E26-8879-EB872A8A6D68}.Debug|x86.Build.0 = Debug|Any CPU
		{282E773B-696F-4E26-8879-EB872A8A6D68}.Release|Any CPU.ActiveCfg = Release|Any CPU
		{282E773B-696F-4E26-8879-EB872A8A6D68}.Release|Any CPU.Build.0 = Release|Any CPU
		{282E773B-696F-4E26-8879-EB872A8A6D68}.Release|ARM.ActiveCfg = Release|Any CPU
		{282E773B-696F-4E26-8879-EB872A8A6D68}.Release|ARM.Build.0 = Release|Any CPU
		{282E773B-696F-4E26-8879-EB872A8A6D68}.Release|ARM64.ActiveCfg = Release|Any CPU
		{282E773B-696F-4E26-8879-EB872A8A6D68}.Release|ARM64.Build.0 = Release|Any CPU
		{282E773B-696F-4E26-8879-EB872A8A6D68}.Release|x64.ActiveCfg = Release|Any CPU
		{282E773B-696F-4E26-8879-EB872A8A6D68}.Release|x64.Build.0 = Release|Any CPU
		{282E773B-696F-4E26-8879-EB872A8A6D68}.Release|x86.ActiveCfg = Release|Any CPU
		{282E773B-696F-4E26-8879-EB872A8A6D68}.Release|x86.Build.0 = Release|Any CPU
	EndGlobalSection
	GlobalSection(SolutionProperties) = preSolution
		HideSolutionNode = FALSE
	EndGlobalSection
	GlobalSection(NestedProjects) = preSolution
		{19030EFD-1CA0-4B12-8818-641EAF69093A} = {94486BF5-A380-474B-BEA2-E04F63145531}
		{8657D2CA-3365-4BA9-80CD-E0D8C7D8A5CF} = {723E73CE-910F-4733-B035-F864CA26CB7E}
		{432B1966-0DAD-47A6-B1FD-911F71AF051B} = {0B5A59A7-E74E-42CC-BE09-BDF29E0507E2}
		{5142B8D9-B76A-420B-8D3C-6A277A877F2B} = {0B5A59A7-E74E-42CC-BE09-BDF29E0507E2}
		{91AB03DF-7A56-4FFE-AFF9-CFAFCF26FB3A} = {F5AF8E4B-7F60-4F8C-99B7-7B5B8BDEA2B5}
		{82D03219-9FA7-4D43-8CF2-D07E367E8A0B} = {723E73CE-910F-4733-B035-F864CA26CB7E}
		{282E773B-696F-4E26-8879-EB872A8A6D68} = {A3F80320-996C-42AA-915F-7F25C9920FEE}
	EndGlobalSection
	GlobalSection(ExtensibilityGlobals) = postSolution
		SolutionGuid = {C1E24519-2A6B-471C-9387-58C56A01EB1D}
	EndGlobalSection
EndGlobal
